speakeasyVersion: 1.718.0
sources:
    CloudinaryAssetMgmt-MCP-OAS:
        sourceNamespace: cloudinary-asset-mgmt-mcp-oas
        sourceRevisionDigest: sha256:54488bad4e45592eff31da0005697492192900c66cce2a8cd6cf4ec767a7c921
        sourceBlobDigest: sha256:f4caad987450dc6391aacfcad94c27c951ff8a84fb03db609c8a1b470d0a9e0c
        tags:
            - latest
            - speakeasy-sdk-regen-1771242575
            - 0.3.5
targets:
    cloudinary-asset-mgmt-mcp:
        source: CloudinaryAssetMgmt-MCP-OAS
        sourceNamespace: cloudinary-asset-mgmt-mcp-oas
        sourceRevisionDigest: sha256:54488bad4e45592eff31da0005697492192900c66cce2a8cd6cf4ec767a7c921
        sourceBlobDigest: sha256:f4caad987450dc6391aacfcad94c27c951ff8a84fb03db609c8a1b470d0a9e0c
workflow:
    workflowVersion: 1.0.0
    speakeasyVersion: latest
    sources:
        CloudinaryAssetMgmt-MCP-OAS:
            inputs:
                - location: https://cloudinary.github.io/api-schemas/asset-management/schema.yml
            overlays:
                - location: https://cloudinary.github.io/api-schemas/overlays/security-scheme-cloud-overlay.yaml
                - location: https://cloudinary.github.io/api-schemas/overlays/cloud-name-overlay.yml
                - location: https://cloudinary.github.io/api-schemas/overlays/mcp-disabled.yml
                - location: https://cloudinary.github.io/api-schemas/overlays/remove-mcp-description.yml
                - location: https://cloudinary.github.io/api-schemas/overlays/signature-optional-overlay.yml
                - location: https://cloudinary.github.io/api-schemas/asset-management/overlays/remove-multipart-overlay.yml
                - location: https://cloudinary.github.io/api-schemas/asset-management/overlays/create-only-archive-mode-overlay.yml
            registry:
                location: registry.speakeasyapi.dev/cloudinary/cloudinary/cloudinary-asset-mgmt-mcp-oas
    targets:
        cloudinary-asset-mgmt-mcp:
            target: mcp-typescript
            source: CloudinaryAssetMgmt-MCP-OAS
            publish:
                npm:
                    token: $npm_token
